
Microsoft Visual Studio Solution File, Format Version 12.00
# Visual Studio Version 17
VisualStudioVersion = 17.11.35312.102
MinimumVisualStudioVersion = 10.0.40219.1
Project("{8BC9CEB8-8B4A-11D0-8D11-00A0C91BC942}") = "Project1", "Project1.vcxproj", "{152A4969-2FEB-42EB-BBFA-F86C9A907F5C}"
EndProject
Global
	GlobalSection(SolutionConfigurationPlatforms) = preSolution
		Debug|x64 = Debug|x64
		Debug|x86 = Debug|x86
		Release|x64 = Release|x64
		Release|x86 = Release|x86
	EndGlobalSection
	GlobalSection(ProjectConfigurationPlatforms) = postSolution
		{152A4969-2FEB-42EB-BBFA-F86C9A907F5C}.Debug|x64.ActiveCfg = Debug|x64
		{152A4969-2FEB-42EB-BBFA-F86C9A907F5C}.Debug|x64.Build.0 = Debug|x64
		{152A4969-2FEB-42EB-BBFA-F86C9A907F5C}.Debug|x86.ActiveCfg = Debug|Win32
		{152A4969-2FEB-42EB-BBFA-F86C9A907F5C}.Debug|x86.Build.0 = Debug|Win32
		{152A4969-2FEB-42EB-BBFA-F86C9A907F5C}.Release|x64.ActiveCfg = Release|x64
		{152A4969-2FEB-42EB-BBFA-F86C9A907F5C}.Release|x64.Build.0 = Release|x64
		{152A4969-2FEB-42EB-BBFA-F86C9A907F5C}.Release|x86.ActiveCfg = Release|Win32
		{152A4969-2FEB-42EB-BBFA-F86C9A907F5C}.Release|x86.Build.0 = Release|Win32
	EndGlobalSection
	GlobalSection(SolutionProperties) = preSolution
		HideSolutionNode = FALSE
	EndGlobalSection
	GlobalSection(ExtensibilityGlobals) = postSolution
		SolutionGuid = {41AC4511-FF5B-4745-A7FB-DE8403FD917B}
	EndGlobalSection
EndGlobal
